{
  "version": 4,
  "terraform_version": "1.5.7",
  "serial": 18,
  "lineage": "2872b9e1-5594-177b-5789-afcc6603414b",
  "outputs": {
    "api_url": {
      "value": "https://savia-g7vcb7ppha-uc.a.run.app",
      "type": "string"
    },
    "docker_build_command": {
      "value": "docker build -t us-central1-docker.pkg.dev/savia-490716/savia/savia:latest .",
      "type": "string"
    },
    "docker_push_command": {
      "value": "docker push us-central1-docker.pkg.dev/savia-490716/savia/savia:latest",
      "type": "string"
    },
    "image_url": {
      "value": "us-central1-docker.pkg.dev/savia-490716/savia/savia:latest",
      "type": "string"
    }
  },
  "resources": [
    {
      "mode": "managed",
      "type": "google_artifact_registry_repository",
      "name": "newspaper_ai",
      "provider": "provider[\"registry.terraform.io/hashicorp/google\"]",
      "instances": [
        {
          "schema_version": 0,
          "attributes": {
            "cleanup_policies": [],
            "cleanup_policy_dry_run": false,
            "create_time": "2026-03-19T17:07:21.409989Z",
            "description": "Docker images for newspaper_ai",
            "docker_config": [],
            "effective_labels": {},
            "format": "DOCKER",
            "id": "projects/savia-490716/locations/us-central1/repositories/savia",
            "kms_key_name": "",
            "labels": {},
            "location": "us-central1",
            "maven_config": [],
            "mode": "STANDARD_REPOSITORY",
            "name": "savia",
            "project": "savia-490716",
            "remote_repository_config": [],
            "repository_id": "savia",
            "terraform_labels": {},
            "timeouts": null,
            "update_time": "2026-03-19T17:15:26.273890Z",
            "virtual_repository_config": []
          },
          "sensitive_attributes": [],
          "private": "eyJlMmJmYjczMC1lY2FhLTExZTYtOGY4OC0zNDM2M2JjN2M0YzAiOnsiY3JlYXRlIjoxMjAwMDAwMDAwMDAwLCJkZWxldGUiOjEyMDAwMDAwMDAwMDAsInVwZGF0ZSI6MTIwMDAwMDAwMDAwMH19",
          "dependencies": [
            "google_project_service.apis"
          ]
        }
      ]
    },
    {
      "mode": "managed",
      "type": "google_cloud_run_v2_service",
      "name": "newspaper_ai",
      "provider": "provider[\"registry.terraform.io/hashicorp/google\"]",
      "instances": [
        {
          "schema_version": 0,
          "attributes": {
            "annotations": null,
            "binary_authorization": [],
            "client": "",
            "client_version": "",
            "conditions": [
              {
                "execution_reason": "",
                "last_transition_time": "2026-03-19T17:17:38.056596Z",
                "message": "",
                "reason": "",
                "revision_reason": "",
                "severity": "",
                "state": "CONDITION_SUCCEEDED",
                "type": "RoutesReady"
              },
              {
                "execution_reason": "",
                "last_transition_time": "2026-03-19T17:17:14.441113Z",
                "message": "",
                "reason": "",
                "revision_reason": "",
                "severity": "",
                "state": "CONDITION_SUCCEEDED",
                "type": "ConfigurationsReady"
              }
            ],
            "create_time": "2026-03-19T17:16:39.281906Z",
            "creator": "catoralonso@gmail.com",
            "custom_audiences": null,
            "delete_time": "",
            "description": "",
            "effective_annotations": {},
            "effective_labels": {},
            "etag": "\"CPfe8M0GENCWtoYB/cHJvamVjdHMvc2F2aWEtNDkwNzE2L2xvY2F0aW9ucy91cy1jZW50cmFsMS9zZXJ2aWNlcy9zYXZpYQ\"",
            "expire_time": "",
            "generation": "1",
            "id": "projects/savia-490716/locations/us-central1/services/savia",
            "ingress": "INGRESS_TRAFFIC_ALL",
            "labels": null,
            "last_modifier": "catoralonso@gmail.com",
            "latest_created_revision": "projects/savia-490716/locations/us-central1/services/savia/revisions/savia-00001-v9m",
            "latest_ready_revision": "projects/savia-490716/locations/us-central1/services/savia/revisions/savia-00001-v9m",
            "launch_stage": "GA",
            "location": "us-central1",
            "name": "savia",
            "observed_generation": "1",
            "project": "savia-490716",
            "reconciling": false,
            "template": [
              {
                "annotations": null,
                "containers": [
                  {
                    "args": null,
                    "command": null,
                    "depends_on": null,
                    "env": [
                      {
                        "name": "NEWSPAPER_NAME",
                        "value": "Savia",
                        "value_source": []
                      },
                      {
                        "name": "REGION_NEWS",
                        "value": "ES",
                        "value_source": []
                      },
                      {
                        "name": "CHAT_MODEL",
                        "value": "gemini-2.5-flash",
                        "value_source": []
                      },
                      {
                        "name": "GOOGLE_CLOUD_PROJECT",
                        "value": "savia-490716",
                        "value_source": []
                      },
                      {
                        "name": "GOOGLE_CLOUD_REGION",
                        "value": "us-central1",
                        "value_source": []
                      }
                    ],
                    "image": "us-central1-docker.pkg.dev/savia-490716/savia/savia:latest",
                    "liveness_probe": [
                      {
                        "failure_threshold": 3,
                        "grpc": [],
                        "http_get": [
                          {
                            "http_headers": [],
                            "path": "/health",
                            "port": 8080
                          }
                        ],
                        "initial_delay_seconds": 15,
                        "period_seconds": 30,
                        "tcp_socket": [],
                        "timeout_seconds": 1
                      }
                    ],
                    "name": "",
                    "ports": [
                      {
                        "container_port": 8080,
                        "name": "http1"
                      }
                    ],
                    "resources": [
                      {
                        "cpu_idle": false,
                        "limits": {
                          "cpu": "1",
                          "memory": "1Gi"
                        },
                        "startup_cpu_boost": false
                      }
                    ],
                    "startup_probe": [
                      {
                        "failure_threshold": 10,
                        "grpc": [],
                        "http_get": [
                          {
                            "http_headers": [],
                            "path": "/health",
                            "port": 8080
                          }
                        ],
                        "initial_delay_seconds": 0,
                        "period_seconds": 5,
                        "tcp_socket": [],
                        "timeout_seconds": 1
                      }
                    ],
                    "volume_mounts": [],
                    "working_dir": ""
                  }
                ],
                "encryption_key": "",
                "execution_environment": "",
                "labels": null,
                "max_instance_request_concurrency": 80,
                "revision": "",
                "scaling": [
                  {
                    "max_instance_count": 3,
                    "min_instance_count": 0
                  }
                ],
                "service_account": "savia-sa@savia-490716.iam.gserviceaccount.com",
                "session_affinity": false,
                "timeout": "300s",
                "volumes": [],
                "vpc_access": []
              }
            ],
            "terminal_condition": [
              {
                "execution_reason": "",
                "last_transition_time": "2026-03-19T17:17:38.102717Z",
                "message": "",
                "reason": "",
                "revision_reason": "",
                "severity": "",
                "state": "CONDITION_SUCCEEDED",
                "type": "Ready"
              }
            ],
            "terraform_labels": {},
            "timeouts": null,
            "traffic": [
              {
                "percent": 100,
                "revision": "",
                "tag": "",
                "type": "TRAFFIC_TARGET_ALLOCATION_TYPE_LATEST"
              }
            ],
            "traffic_statuses": [
              {
                "percent": 100,
                "revision": "",
                "tag": "",
                "type": "TRAFFIC_TARGET_ALLOCATION_TYPE_LATEST",
                "uri": ""
              }
            ],
            "uid": "2b4d25ff-0714-4a4c-a306-eb942858fe35",
            "update_time": "2026-03-19T17:16:39.281906Z",
            "uri": "https://savia-g7vcb7ppha-uc.a.run.app"
          },
          "sensitive_attributes": [],
          "private": "eyJlMmJmYjczMC1lY2FhLTExZTYtOGY4OC0zNDM2M2JjN2M0YzAiOnsiY3JlYXRlIjoxMjAwMDAwMDAwMDAwLCJkZWxldGUiOjEyMDAwMDAwMDAwMDAsInVwZGF0ZSI6MTIwMDAwMDAwMDAwMH19",
          "dependencies": [
            "google_artifact_registry_repository.newspaper_ai",
            "google_project_service.apis",
            "google_service_account.newspaper_ai"
          ]
        }
      ]
    },
    {
      "mode": "managed",
      "type": "google_cloud_run_v2_service_iam_member",
      "name": "public_access",
      "provider": "provider[\"registry.terraform.io/hashicorp/google\"]",
      "instances": [
        {
          "schema_version": 0,
          "attributes": {
            "condition": [],
            "etag": "BwZNY78Oe7Y=",
            "id": "projects/savia-490716/locations/us-central1/services/savia/roles/run.invoker/allUsers",
            "location": "us-central1",
            "member": "allUsers",
            "name": "projects/savia-490716/locations/us-central1/services/savia",
            "project": "savia-490716",
            "role": "roles/run.invoker"
          },
          "sensitive_attributes": [],
          "private": "bnVsbA==",
          "dependencies": [
            "google_artifact_registry_repository.newspaper_ai",
            "google_cloud_run_v2_service.newspaper_ai",
            "google_project_service.apis",
            "google_service_account.newspaper_ai"
          ]
        }
      ]
    },
    {
      "mode": "managed",
      "type": "google_project_iam_member",
      "name": "log_writer",
      "provider": "provider[\"registry.terraform.io/hashicorp/google\"]",
      "instances": [
        {
          "schema_version": 0,
          "attributes": {
            "condition": [],
            "etag": "BwZNY6D4+xo=",
            "id": "savia-490716/roles/logging.logWriter/serviceAccount:savia-sa@savia-490716.iam.gserviceaccount.com",
            "member": "serviceAccount:savia-sa@savia-490716.iam.gserviceaccount.com",
            "project": "savia-490716",
            "role": "roles/logging.logWriter"
          },
          "sensitive_attributes": [],
          "private": "bnVsbA==",
          "dependencies": [
            "google_service_account.newspaper_ai"
          ]
        }
      ]
    },
    {
      "mode": "managed",
      "type": "google_project_iam_member",
      "name": "trace_agent",
      "provider": "provider[\"registry.terraform.io/hashicorp/google\"]",
      "instances": [
        {
          "schema_version": 0,
          "attributes": {
            "condition": [],
            "etag": "BwZNY6D4+xo=",
            "id": "savia-490716/roles/cloudtrace.agent/serviceAccount:savia-sa@savia-490716.iam.gserviceaccount.com",
            "member": "serviceAccount:savia-sa@savia-490716.iam.gserviceaccount.com",
            "project": "savia-490716",
            "role": "roles/cloudtrace.agent"
          },
          "sensitive_attributes": [],
          "private": "bnVsbA==",
          "dependencies": [
            "google_service_account.newspaper_ai"
          ]
        }
      ]
    },
    {
      "mode": "managed",
      "type": "google_project_iam_member",
      "name": "vertex_user",
      "provider": "provider[\"registry.terraform.io/hashicorp/google\"]",
      "instances": [
        {
          "schema_version": 0,
          "attributes": {
            "condition": [],
            "etag": "BwZNY6D4+xo=",
            "id": "savia-490716/roles/aiplatform.user/serviceAccount:savia-sa@savia-490716.iam.gserviceaccount.com",
            "member": "serviceAccount:savia-sa@savia-490716.iam.gserviceaccount.com",
            "project": "savia-490716",
            "role": "roles/aiplatform.user"
          },
          "sensitive_attributes": [],
          "private": "bnVsbA==",
          "dependencies": [
            "google_service_account.newspaper_ai"
          ]
        }
      ]
    },
    {
      "mode": "managed",
      "type": "google_project_service",
      "name": "apis",
      "provider": "provider[\"registry.terraform.io/hashicorp/google\"]",
      "instances": [
        {
          "index_key": "aiplatform.googleapis.com",
          "schema_version": 0,
          "attributes": {
            "disable_dependent_services": null,
            "disable_on_destroy": false,
            "id": "savia-490716/aiplatform.googleapis.com",
            "project": "savia-490716",
            "service": "aiplatform.googleapis.com",
            "timeouts": null
          },
          "sensitive_attributes": [],
          "private": "eyJlMmJmYjczMC1lY2FhLTExZTYtOGY4OC0zNDM2M2JjN2M0YzAiOnsiY3JlYXRlIjoxMjAwMDAwMDAwMDAwLCJkZWxldGUiOjEyMDAwMDAwMDAwMDAsInJlYWQiOjYwMDAwMDAwMDAwMCwidXBkYXRlIjoxMjAwMDAwMDAwMDAwfX0="
        },
        {
          "index_key": "artifactregistry.googleapis.com",
          "schema_version": 0,
          "attributes": {
            "disable_dependent_services": null,
            "disable_on_destroy": false,
            "id": "savia-490716/artifactregistry.googleapis.com",
            "project": "savia-490716",
            "service": "artifactregistry.googleapis.com",
            "timeouts": null
          },
          "sensitive_attributes": [],
          "private": "eyJlMmJmYjczMC1lY2FhLTExZTYtOGY4OC0zNDM2M2JjN2M0YzAiOnsiY3JlYXRlIjoxMjAwMDAwMDAwMDAwLCJkZWxldGUiOjEyMDAwMDAwMDAwMDAsInJlYWQiOjYwMDAwMDAwMDAwMCwidXBkYXRlIjoxMjAwMDAwMDAwMDAwfX0="
        },
        {
          "index_key": "cloudtrace.googleapis.com",
          "schema_version": 0,
          "attributes": {
            "disable_dependent_services": null,
            "disable_on_destroy": false,
            "id": "savia-490716/cloudtrace.googleapis.com",
            "project": "savia-490716",
            "service": "cloudtrace.googleapis.com",
            "timeouts": null
          },
          "sensitive_attributes": [],
          "private": "eyJlMmJmYjczMC1lY2FhLTExZTYtOGY4OC0zNDM2M2JjN2M0YzAiOnsiY3JlYXRlIjoxMjAwMDAwMDAwMDAwLCJkZWxldGUiOjEyMDAwMDAwMDAwMDAsInJlYWQiOjYwMDAwMDAwMDAwMCwidXBkYXRlIjoxMjAwMDAwMDAwMDAwfX0="
        },
        {
          "index_key": "logging.googleapis.com",
          "schema_version": 0,
          "attributes": {
            "disable_dependent_services": null,
            "disable_on_destroy": false,
            "id": "savia-490716/logging.googleapis.com",
            "project": "savia-490716",
            "service": "logging.googleapis.com",
            "timeouts": null
          },
          "sensitive_attributes": [],
          "private": "eyJlMmJmYjczMC1lY2FhLTExZTYtOGY4OC0zNDM2M2JjN2M0YzAiOnsiY3JlYXRlIjoxMjAwMDAwMDAwMDAwLCJkZWxldGUiOjEyMDAwMDAwMDAwMDAsInJlYWQiOjYwMDAwMDAwMDAwMCwidXBkYXRlIjoxMjAwMDAwMDAwMDAwfX0="
        },
        {
          "index_key": "run.googleapis.com",
          "schema_version": 0,
          "attributes": {
            "disable_dependent_services": null,
            "disable_on_destroy": false,
            "id": "savia-490716/run.googleapis.com",
            "project": "savia-490716",
            "service": "run.googleapis.com",
            "timeouts": null
          },
          "sensitive_attributes": [],
          "private": "eyJlMmJmYjczMC1lY2FhLTExZTYtOGY4OC0zNDM2M2JjN2M0YzAiOnsiY3JlYXRlIjoxMjAwMDAwMDAwMDAwLCJkZWxldGUiOjEyMDAwMDAwMDAwMDAsInJlYWQiOjYwMDAwMDAwMDAwMCwidXBkYXRlIjoxMjAwMDAwMDAwMDAwfX0="
        }
      ]
    },
    {
      "mode": "managed",
      "type": "google_service_account",
      "name": "newspaper_ai",
      "provider": "provider[\"registry.terraform.io/hashicorp/google\"]",
      "instances": [
        {
          "schema_version": 0,
          "attributes": {
            "account_id": "savia-sa",
            "create_ignore_already_exists": null,
            "description": "",
            "disabled": false,
            "display_name": "savia Cloud Run Service Account",
            "email": "savia-sa@savia-490716.iam.gserviceaccount.com",
            "id": "projects/savia-490716/serviceAccounts/savia-sa@savia-490716.iam.gserviceaccount.com",
            "member": "serviceAccount:savia-sa@savia-490716.iam.gserviceaccount.com",
            "name": "projects/savia-490716/serviceAccounts/savia-sa@savia-490716.iam.gserviceaccount.com",
            "project": "savia-490716",
            "timeouts": null,
            "unique_id": "100126316728923801413"
          },
          "sensitive_attributes": [],
          "private": "eyJlMmJmYjczMC1lY2FhLTExZTYtOGY4OC0zNDM2M2JjN2M0YzAiOnsiY3JlYXRlIjozMDAwMDAwMDAwMDB9fQ=="
        }
      ]
    }
  ],
  "check_results": null
}
